<?xml version="1.0" encoding="UTF-8" standalone="yes" ?>
<CodeBlocks_project_file>
	<FileVersion major="1" minor="6" />
	<Project>
		<Option title="jumper" />
		<Option pch_mode="2" />
		<Option compiler="gcc" />
		<Build>
			<Target title="Debug">
				<Option output="./jumper" prefix_auto="1" extension_auto="1" />
				<Option object_output="obj/Debug/" />
				<Option type="1" />
				<Option compiler="gcc" />
				<Compiler>
					<Add option="-g" />
					<Add directory="/usr/local/include/OGRE" />
				</Compiler>
				<Linker>
					<Add library="OgreMain_d" />
					<Add library="OIS_d" />
					<Add directory="/usr/lib64/OGRE" />
				</Linker>
			</Target>
			<Target title="Release">
				<Option output="./jumper" prefix_auto="1" extension_auto="1" />
				<Option object_output="obj/Release/" />
				<Option type="0" />
				<Option compiler="gcc" />
				<Compiler>
					<Add option="-O2" />
				</Compiler>
				<Linker>
					<Add option="-s" />
					<Add library="OgreMain" />
					<Add library="OIS" />
				</Linker>
			</Target>
		</Build>
		<Compiler>
			<Add option="`pkg-config --cflags OGRE`" />
			<Add option="-Wall" />
			<Add option="-fexceptions" />
		</Compiler>
		<Linker>
			<Add option="`pkg-config --libs OGRE`" />
			<Add library="GL" />
			<Add directory="/bin/Debug" />
			<Add directory="/bin/Release" />
		</Linker>
		<Unit filename="BaseApplication.cpp" />
		<Unit filename="BaseApplication.h" />
		<Unit filename="TutorialApplication.cpp" />
		<Unit filename="TutorialApplication.h" />
		<Extensions>
			<envvars />
			<code_completion />
			<lib_finder disable_auto="1">
				<lib name="OGRE" />
			</lib_finder>
			<debugger />
		</Extensions>
	</Project>
</CodeBlocks_project_file>
